{
  "nodes": {
    "nixpkgs": {
      "locked": {
        "lastModified": 1691374250,
        "narHash": "sha256-IUU05DPwEcQKLD+LLymf98lA+Or8RD9BxScW/u+WC4g=",
        "owner": "NixOS",
        "repo": "nixpkgs",
        "rev": "48377a1934063d63930524b250604103e246d863",
        "type": "github"
      },
      "original": {
        "owner": "NixOS",
        "repo": "nixpkgs",
        "type": "github"
      }
    },
    "root": {
      "inputs": {
        "nixpkgs": "nixpkgs"
      }
    }
  },
  "root": "root",
  "version": 7
}
